
Microsoft Visual Studio Solution File, Format Version 12.00
# Visual Studio Version 17
VisualStudioVersion = 17.11.35327.3
MinimumVisualStudioVersion = 10.0.40219.1
Project("{888888A0-9F3D-457C-B088-3A5042F75D52}") = "teema3-kordused", "teema3-kordused\teema3-kordused.pyproj", "{F5B52A15-8859-4813-9833-865C8831A8E6}"
EndProject
Global
	GlobalSection(SolutionConfigurationPlatforms) = preSolution
		Debug|Any CPU = Debug|Any CPU
		Release|Any CPU = Release|Any CPU
	EndGlobalSection
	GlobalSection(ProjectConfigurationPlatforms) = postSolution
		{F5B52A15-8859-4813-9833-865C8831A8E6}.Debug|Any CPU.ActiveCfg = Debug|Any CPU
		{F5B52A15-8859-4813-9833-865C8831A8E6}.Release|Any CPU.ActiveCfg = Release|Any CPU
	EndGlobalSection
	GlobalSection(SolutionProperties) = preSolution
		HideSolutionNode = FALSE
	EndGlobalSection
	GlobalSection(ExtensibilityGlobals) = postSolution
		SolutionGuid = {F5BB40CC-70F8-4058-BFCE-E399E727FE48}
	EndGlobalSection
EndGlobal
